{
  "originHash" : "1fe8c0d391e0c98846e36383d6a022d4bdaa2a07bbb5a6d349b1faeaf0924b22",
  "pins" : [
    {
      "identity" : "ollamakit",
      "kind" : "remoteSourceControl",
      "location" : "https://github.com/1amageek/OllamaKit.git",
      "state" : {
        "branch" : "main",
        "revision" : "71d8e7ddb54e53b2722032c3930496201440866a"
      }
    },
    {
      "identity" : "swift-log",
      "kind" : "remoteSourceControl",
      "location" : "https://github.com/apple/swift-log.git",
      "state" : {
        "branch" : "main",
        "revision" : "1efe6f812904b34ed76ba28fd1f3e9f3bc94f8ec"
      }
    },
    {
      "identity" : "swiftretry",
      "kind" : "remoteSourceControl",
      "location" : "https://github.com/1amageek/SwiftRetry.git",
      "state" : {
        "branch" : "main",
        "revision" : "f5eba455a7134ac3288ef2a5af685f37c3e73767"
      }
    }
  ],
  "version" : 3
}
